
Microsoft Visual Studio Solution File, Format Version 12.00
Project("{FAE04EC0-301F-11D3-BF4B-00C04F79EFBC}") = "DtosProject", "DtosProject\DtosProject.csproj", "{8DC296AA-AF4D-4AEA-965C-693379446FBF}"
EndProject
Global
	GlobalSection(SolutionConfigurationPlatforms) = preSolution
		Debug|Any CPU = Debug|Any CPU
		Release|Any CPU = Release|Any CPU
	EndGlobalSection
	GlobalSection(ProjectConfigurationPlatforms) = postSolution
		{8DC296AA-AF4D-4AEA-965C-693379446FBF}.Debug|Any CPU.ActiveCfg = Debug|Any CPU
		{8DC296AA-AF4D-4AEA-965C-693379446FBF}.Debug|Any CPU.Build.0 = Debug|Any CPU
		{8DC296AA-AF4D-4AEA-965C-693379446FBF}.Release|Any CPU.ActiveCfg = Release|Any CPU
		{8DC296AA-AF4D-4AEA-965C-693379446FBF}.Release|Any CPU.Build.0 = Release|Any CPU
	EndGlobalSection
EndGlobal
